<?xml version="1.0" encoding="utf-8"?>
<Project ToolsVersion="4.0" xmlns="http://schemas.microsoft.com/developer/msbuild/2003">
  <ItemGroup>
    <Filter Include="Source Files">
      <UniqueIdentifier>{4FC737F1-C7A5-4376-A066-2A32D752A2FF}</UniqueIdentifier>
      <Extensions>cpp;c;cc;cxx;def;odl;idl;hpj;bat;asm;asmx</Extensions>
    </Filter>
    <Filter Include="Header Files">
      <UniqueIdentifier>{93995380-89BD-4b04-88EB-625FBE52EBFB}</UniqueIdentifier>
      <Extensions>h;hh;hpp;hxx;hm;inl;inc;ipp;xsd</Extensions>
    </Filter>
    <Filter Include="Resource Files">
      <UniqueIdentifier>{67DA6AB6-F800-4c08-8B7A-83BB121AAD01}</UniqueIdentifier>
      <Extensions>rc;ico;cur;bmp;dlg;rc2;rct;bin;rgs;gif;jpg;jpeg;jpe;resx;tiff;tif;png;wav;mfcribbon-ms</Extensions>
    </Filter>
    <Filter Include="Components">
      <UniqueIdentifier>{3246b72e-febf-44f8-8b08-87500305d32b}</UniqueIdentifier>
    </Filter>
    <Filter Include="Components\Source Files">
      <UniqueIdentifier>{f2fad7c3-d782-4ce2-8272-2a1c03fb8835}</UniqueIdentifier>
    </Filter>
    <Filter Include="Component Managers">
      <UniqueIdentifier>{d3f69a04-3610-4007-893d-93df377b489f}</UniqueIdentifier>
    </Filter>
    <Filter Include="Component Managers\Source Files">
      <UniqueIdentifier>{36bfbddf-d7d7-4975-ad0d-3931d397417c}</UniqueIdentifier>
    </Filter>
    <Filter Include="Component Managers\Header Files">
      <UniqueIdentifier>{41b845a5-235a-45e2-8034-26e4a25f6e7f}</UniqueIdentifier>
    </Filter>
    <Filter Include="Components\Header Files">
      <UniqueIdentifier>{47c1c5fe-0b0c-46ea-b480-cd50da14ec2d}</UniqueIdentifier>
    </Filter>
    <Filter Include="Events">
      <UniqueIdentifier>{64594ee7-3c47-48b2-9a6e-99c4ca4ebad5}</UniqueIdentifier>
    </Filter>
    <Filter Include="Resource Files\Header Files">
      <UniqueIdentifier>{18b3b2b4-e30d-41bc-b5c5-385e710f339c}</UniqueIdentifier>
    </Filter>
    <Filter Include="Resource Files\Source Files">
      <UniqueIdentifier>{dd8aafca-ef32-4e66-8ca0-0d1e6efd0d7d}</UniqueIdentifier>
    </Filter>
  </ItemGroup>
  <ItemGroup>
    <ClCompile Include="Main.cpp">
      <Filter>Source Files</Filter>
    </ClCompile>
    <ClCompile Include="Components\Component.cpp">
      <Filter>Components\Source Files</Filter>
    </ClCompile>
    <ClCompile Include="Components\Controller.cpp">
      <Filter>Components\Source Files</Filter>
    </ClCompile>
    <ClCompile Include="Components\GameObject.cpp">
      <Filter>Components\Source Files</Filter>
    </ClCompile>
    <ClCompile Include="Components\Sprite.cpp">
      <Filter>Components\Source Files</Filter>
    </ClCompile>
    <ClCompile Include="Components\Transform.cpp">
      <Filter>Components\Source Files</Filter>
    </ClCompile>
    <ClCompile Include="Component_Managers\Input Manager.cpp">
      <Filter>Component Managers\Source Files</Filter>
    </ClCompile>
    <ClCompile Include="Component_Managers\GraphicsManager.cpp">
      <Filter>Component Managers\Source Files</Filter>
    </ClCompile>
    <ClCompile Include="Component_Managers\GameObjectManager.cpp">
      <Filter>Component Managers\Source Files</Filter>
    </ClCompile>
    <ClCompile Include="Component_Managers\FrameRateController.cpp">
      <Filter>Component Managers\Source Files</Filter>
    </ClCompile>
    <ClCompile Include="Component_Managers\ObjectFactory.cpp">
      <Filter>Component Managers\Source Files</Filter>
    </ClCompile>
    <ClCompile Include="Component_Managers\Resource Manager.cpp">
      <Filter>Component Managers\Source Files</Filter>
    </ClCompile>
    <ClCompile Include="Components\Shader.cpp">
      <Filter>Components\Source Files</Filter>
    </ClCompile>
    <ClCompile Include="Components\TextureObject.cpp">
      <Filter>Components\Source Files</Filter>
    </ClCompile>
    <ClCompile Include="Include\GLAD\glad.c">
      <Filter>Source Files</Filter>
    </ClCompile>
    <ClCompile Include="Components\Camera.cpp">
      <Filter>Components\Source Files</Filter>
    </ClCompile>
    <ClCompile Include="Components\AI.cpp">
      <Filter>Components\Source Files</Filter>
    </ClCompile>
    <ClCompile Include="Component_Managers\PhysicsManager.cpp">
      <Filter>Component Managers\Source Files</Filter>
    </ClCompile>
    <ClCompile Include="Components\Body.cpp">
      <Filter>Components\Source Files</Filter>
    </ClCompile>
    <ClCompile Include="Component_Managers\CollisionManager.cpp">
      <Filter>Component Managers\Source Files</Filter>
    </ClCompile>
    <ClCompile Include="Component_Managers\EventManager.cpp">
      <Filter>Component Managers\Source Files</Filter>
    </ClCompile>
    <ClCompile Include="Events\Event.cpp">
      <Filter>Resource Files\Source Files</Filter>
    </ClCompile>
    <ClCompile Include="Events\Collide.cpp">
      <Filter>Resource Files\Source Files</Filter>
    </ClCompile>
    <ClCompile Include="Events\PlayerHit.cpp">
      <Filter>Resource Files\Source Files</Filter>
    </ClCompile>
    <ClCompile Include="Components\Arms.cpp">
      <Filter>Components\Source Files</Filter>
    </ClCompile>
    <ClCompile Include="Events\RotateArm.cpp">
      <Filter>Resource Files\Source Files</Filter>
    </ClCompile>
    <ClCompile Include="Events\PlayerMove.cpp">
      <Filter>Resource Files\Source Files</Filter>
    </ClCompile>
    <ClCompile Include="Events\CameraMove.cpp">
      <Filter>Resource Files\Source Files</Filter>
    </ClCompile>
  </ItemGroup>
  <ItemGroup>
    <ClInclude Include="Components\Component.h">
      <Filter>Components\Header Files</Filter>
    </ClInclude>
    <ClInclude Include="Components\Controller.h">
      <Filter>Components\Header Files</Filter>
    </ClInclude>
    <ClInclude Include="Components\GameObject.h">
      <Filter>Components\Header Files</Filter>
    </ClInclude>
    <ClInclude Include="Components\Sprite.h">
      <Filter>Components\Header Files</Filter>
    </ClInclude>
    <ClInclude Include="Components\Transform.h">
      <Filter>Components\Header Files</Filter>
    </ClInclude>
    <ClInclude Include="Component_Managers\Resource Manager.h">
      <Filter>Component Managers\Header Files</Filter>
    </ClInclude>
    <ClInclude Include="Component_Managers\ObjectFactory.h">
      <Filter>Component Managers\Header Files</Filter>
    </ClInclude>
    <ClInclude Include="Component_Managers\Input Manager.h">
      <Filter>Component Managers\Header Files</Filter>
    </ClInclude>
    <ClInclude Include="Component_Managers\GraphicsManager.h">
      <Filter>Component Managers\Header Files</Filter>
    </ClInclude>
    <ClInclude Include="Component_Managers\GameObjectManager.h">
      <Filter>Component Managers\Header Files</Filter>
    </ClInclude>
    <ClInclude Include="Component_Managers\FrameRateController.h">
      <Filter>Component Managers\Header Files</Filter>
    </ClInclude>
    <ClInclude Include="Components\Shader.h">
      <Filter>Components\Header Files</Filter>
    </ClInclude>
    <ClInclude Include="Components\TextureObject.h">
      <Filter>Components\Header Files</Filter>
    </ClInclude>
    <ClInclude Include="Include\stb_image.h">
      <Filter>Header Files</Filter>
    </ClInclude>
    <ClInclude Include="Components\Camera.h">
      <Filter>Components\Header Files</Filter>
    </ClInclude>
    <ClInclude Include="Components\AI.h">
      <Filter>Components\Header Files</Filter>
    </ClInclude>
    <ClInclude Include="Component_Managers\PhysicsManager.h">
      <Filter>Component Managers\Header Files</Filter>
    </ClInclude>
    <ClInclude Include="Components\Body.h">
      <Filter>Components\Header Files</Filter>
    </ClInclude>
    <ClInclude Include="Component_Managers\CollisionManager.h">
      <Filter>Component Managers\Header Files</Filter>
    </ClInclude>
    <ClInclude Include="Component_Managers\EventManager.h">
      <Filter>Component Managers\Header Files</Filter>
    </ClInclude>
    <ClInclude Include="Events\Event.h">
      <Filter>Resource Files\Header Files</Filter>
    </ClInclude>
    <ClInclude Include="Events\Collide.h">
      <Filter>Resource Files\Header Files</Filter>
    </ClInclude>
    <ClInclude Include="Events\PlayerHit.h">
      <Filter>Resource Files\Header Files</Filter>
    </ClInclude>
    <ClInclude Include="Components\Arms.h">
      <Filter>Components\Header Files</Filter>
    </ClInclude>
    <ClInclude Include="Events\RotateArm.h">
      <Filter>Resource Files\Header Files</Filter>
    </ClInclude>
    <ClInclude Include="Events\PlayerMove.h">
      <Filter>Resource Files\Header Files</Filter>
    </ClInclude>
    <ClInclude Include="Events\CameraMove.h">
      <Filter>Resource Files\Header Files</Filter>
    </ClInclude>
  </ItemGroup>
  <ItemGroup>
    <None Include="ClassDiagram.cd" />
  </ItemGroup>
</Project>